
Microsoft Visual Studio Solution File, Format Version 12.00
# Visual Studio Version 17
VisualStudioVersion = 17.0.32112.339
MinimumVisualStudioVersion = 10.0.40219.1
Project("{FAE04EC0-301F-11D3-BF4B-00C04F79EFBC}") = "App02", "App02\App02.csproj", "{9D63F574-CA96-451D-BD34-2A867906CF45}"
EndProject
Global
	GlobalSection(SolutionConfigurationPlatforms) = preSolution
		Debug|Any CPU = Debug|Any CPU
		Release|Any CPU = Release|Any CPU
	EndGlobalSection
	GlobalSection(ProjectConfigurationPlatforms) = postSolution
		{9D63F574-CA96-451D-BD34-2A867906CF45}.Debug|Any CPU.ActiveCfg = Debug|Any CPU
		{9D63F574-CA96-451D-BD34-2A867906CF45}.Debug|Any CPU.Build.0 = Debug|Any CPU
		{9D63F574-CA96-451D-BD34-2A867906CF45}.Release|Any CPU.ActiveCfg = Release|Any CPU
		{9D63F574-CA96-451D-BD34-2A867906CF45}.Release|Any CPU.Build.0 = Release|Any CPU
	EndGlobalSection
	GlobalSection(SolutionProperties) = preSolution
		HideSolutionNode = FALSE
	EndGlobalSection
	GlobalSection(ExtensibilityGlobals) = postSolution
		SolutionGuid = {E6D9FE5F-EF2A-4D7C-9D26-92B462C1E463}
	EndGlobalSection
EndGlobal
